{
    "version": 3,
    "terraform_version": "0.11.13",
    "serial": 5,
    "lineage": "891267cd-5c4d-2bc0-5972-2ba8bb00cf2f",
    "modules": [
        {
            "path": [
                "root"
            ],
            "outputs": {
                "kubconfig": {
                    "sensitive": false,
                    "type": "string",
                    "value": " ... \nRun command to configure access via kubectl:\n$ gcloud container clusters get-credentials my-cluster --zone europe-west1-c --project trans-crawler-234218"
                },
                "tunity_static_ip": {
                    "sensitive": false,
                    "type": "string",
                    "value": "35.201.119.234"
                }
            },
            "resources": {
                "google_compute_global_address.tunity_static_ip": {
                    "type": "google_compute_global_address",
                    "depends_on": [],
                    "primary": {
                        "id": "tunity-static-ip",
                        "attributes": {
                            "address": "35.201.119.234",
                            "id": "tunity-static-ip",
                            "ip_version": "",
                            "name": "tunity-static-ip",
                            "project": "trans-crawler-234218",
                            "self_link": "https://www.googleapis.com/compute/v1/projects/trans-crawler-234218/global/addresses/tunity-static-ip"
                        },
                        "meta": {},
                        "tainted": false
                    },
                    "deposed": [],
                    "provider": "provider.google"
                }
            },
            "depends_on": []
        },
        {
            "path": [
                "root",
                "fw_http"
            ],
            "outputs": {},
            "resources": {
                "google_compute_firewall.default": {
                    "type": "google_compute_firewall",
                    "depends_on": [],
                    "primary": {
                        "id": "allow-http",
                        "attributes": {
                            "allow.#": "1",
                            "allow.272637744.ports.#": "1",
                            "allow.272637744.ports.0": "80",
                            "allow.272637744.protocol": "tcp",
                            "deny.#": "0",
                            "description": "Allow HTTP for everyone",
                            "destination_ranges.#": "0",
                            "id": "allow-http",
                            "name": "allow-http",
                            "network": "https://www.googleapis.com/compute/v1/projects/trans-crawler-234218/global/networks/tunity-test",
                            "priority": "1000",
                            "project": "trans-crawler-234218",
                            "self_link": "https://www.googleapis.com/compute/v1/projects/trans-crawler-234218/global/firewalls/allow-http",
                            "source_ranges.#": "1",
                            "source_ranges.1080289494": "0.0.0.0/0",
                            "source_service_accounts.#": "0",
                            "source_tags.#": "0",
                            "target_service_accounts.#": "0",
                            "target_tags.#": "0"
                        },
                        "meta": {
                            "schema_version": "1"
                        },
                        "tainted": false
                    },
                    "deposed": [],
                    "provider": "provider.google"
                }
            },
            "depends_on": []
        },
        {
            "path": [
                "root",
                "fw_ssh"
            ],
            "outputs": {},
            "resources": {
                "google_compute_firewall.default": {
                    "type": "google_compute_firewall",
                    "depends_on": [],
                    "primary": {
                        "id": "allow-ssh",
                        "attributes": {
                            "allow.#": "1",
                            "allow.803338340.ports.#": "1",
                            "allow.803338340.ports.0": "22",
                            "allow.803338340.protocol": "tcp",
                            "deny.#": "0",
                            "description": "Allow SSH for everyone",
                            "destination_ranges.#": "0",
                            "id": "allow-ssh",
                            "name": "allow-ssh",
                            "network": "https://www.googleapis.com/compute/v1/projects/trans-crawler-234218/global/networks/tunity-test",
                            "priority": "1000",
                            "project": "trans-crawler-234218",
                            "self_link": "https://www.googleapis.com/compute/v1/projects/trans-crawler-234218/global/firewalls/allow-ssh",
                            "source_ranges.#": "1",
                            "source_ranges.1080289494": "0.0.0.0/0",
                            "source_service_accounts.#": "0",
                            "source_tags.#": "0",
                            "target_service_accounts.#": "0",
                            "target_tags.#": "0"
                        },
                        "meta": {
                            "schema_version": "1"
                        },
                        "tainted": false
                    },
                    "deposed": [],
                    "provider": "provider.google"
                }
            },
            "depends_on": []
        },
        {
            "path": [
                "root",
                "my_cluster"
            ],
            "outputs": {
                "name": {
                    "sensitive": false,
                    "type": "string",
                    "value": "my-cluster"
                }
            },
            "resources": {
                "google_container_cluster.primary": {
                    "type": "google_container_cluster",
                    "depends_on": [],
                    "primary": {
                        "id": "my-cluster",
                        "attributes": {
                            "additional_zones.#": "0",
                            "addons_config.#": "1",
                            "addons_config.0.horizontal_pod_autoscaling.#": "0",
                            "addons_config.0.http_load_balancing.#": "1",
                            "addons_config.0.http_load_balancing.0.disabled": "false",
                            "addons_config.0.kubernetes_dashboard.#": "1",
                            "addons_config.0.kubernetes_dashboard.0.disabled": "false",
                            "cluster_ipv4_cidr": "10.4.0.0/14",
                            "description": "Test cluster for Tunity asignment",
                            "enable_kubernetes_alpha": "false",
                            "enable_legacy_abac": "true",
                            "endpoint": "35.187.84.60",
                            "id": "my-cluster",
                            "initial_node_count": "1",
                            "instance_group_urls.#": "1",
                            "instance_group_urls.0": "https://www.googleapis.com/compute/v1/projects/trans-crawler-234218/zones/europe-west1-c/instanceGroups/gke-my-cluster-default-pool-370164f5-grp",
                            "logging_service": "logging.googleapis.com",
                            "master_auth.#": "1",
                            "master_auth.0.client_certificate": "LS0tLS1CRUdJTiBDRVJUSUZJQ0FURS0tLS0tCk1JSUMyakNDQWNLZ0F3SUJBZ0lRZVlvWGRXdzM5WmJSWG5VMTN6VWYxREFOQmdrcWhraUc5dzBCQVFzRkFEQXYKTVMwd0t3WURWUVFERXlRM016azVOamc1TmkxbU5XUm1MVFEzTkRZdE9HTTVaaTA0WkRJeU1tVXdPR1EwTldVdwpIaGNOTVRrd016RTBNRFV5TXpBNVdoY05NalF3TXpFeU1EVXlNekE1V2pBUk1ROHdEUVlEVlFRREV3WmpiR2xsCmJuUXdnZ0VpTUEwR0NTcUdTSWIzRFFFQkFRVUFBNElCRHdBd2dnRUtBb0lCQVFDWGliNnRZVHVndFJWK2VQWnUKenJoWjJsTXhJN05VbktRblI2cnoyZitia0lVVlJqOWQ0dXNmdXFoYWo2bUhnSTRsQlhHQTByNzkvVXV6djRxegprRTE2bG9EVTV2SkRXTzVQT3l5NGV2OXYyUXVsaEJSYWhOZWpOT1ZmN0ZuNmtjTEFxSkZuZXpIS3lGK1pqSmVFCko1YWpWRTN3bGJZbHVHMXRoSHAzWTAzR29QQWJnZUFwU3ZiNXpuMlNxdTl4NlhUSitlbE1nRHJ0dkNOMXczK3AKK0w5eFIvTUlJV1psUW5USHVxUHFBeEV2RUYxb2tnL1VpbG9neERTQ3hvM1Q1VXZpeTBsbmJHSDNhNlpMNkw4QwpndkF5eEEwMnhQbjk5TW1oWFNlQWx3Yi9RbUQvZGJENXhxelNDcmcwS2M0dUd4L2dqRmJldWlGTElBMmJqdkpSCndmSzlBZ01CQUFHakVEQU9NQXdHQTFVZEV3RUIvd1FDTUFBd0RRWUpLb1pJaHZjTkFRRUxCUUFEZ2dFQkFJYlMKMytpMFB0QVVoZ3RJUTNRMkgxK0FUQlozM25RRzhIUlRieGhhbjFGaVRmaWdGTi9nY1pVV1dlVklZVWlDSzFRMwpXUnZLTjZzbE5GUjJRK1hNS1lCTS9rTWNDa0VubUJnZFpWOVpsTERheVdLZzVQc3dVUWdnVTNPcjUrUStlV2RDCkpIcjlHS01WMzJUWWVDOGRqLzdhbXRJZnFYSnZhN0xNQXpwK2JTQVNFQUE1YjNOZy9nRDJQMWg0MWFYdnh2WSsKWHZiYVhhNXFEclozdDF6MXUzaVVpYTdoSklZN2RHdW1lVUc4RXZOVnJCeUphdmVYclJXRDg4RVBBZWk2bXVBcApoaDNZUmFEMDZmYXcyZ3huTGRuc0F2MkJNS3pDZ0Rxd0IrTmpmMVZ5THQwSjVQQzFMMVdHd1JxdXV5anY1SDNaCmpBOVlsZFVwTjdPbGY3S3ZyRWM9Ci0tLS0tRU5EIENFUlRJRklDQVRFLS0tLS0K",
                            "master_auth.0.client_key": "LS0tLS1CRUdJTiBSU0EgUFJJVkFURSBLRVktLS0tLQpNSUlFb3dJQkFBS0NBUUVBbDRtK3JXRTdvTFVWZm5qMmJzNjRXZHBUTVNPelZKeWtKMGVxODluL201Q0ZGVVkvClhlTHJIN3FvV28rcGg0Q09KUVZ4Z05LKy9mMUxzNytLczVCTmVwYUExT2J5UTFqdVR6c3N1SHIvYjlrTHBZUVUKV29UWG96VGxYK3haK3BIQ3dLaVJaM3N4eXNoZm1ZeVhoQ2VXbzFSTjhKVzJKYmh0YllSNmQyTk54cUR3RzRIZwpLVXIyK2M1OWtxcnZjZWwweWZucFRJQTY3YndqZGNOL3FmaS9jVWZ6Q0NGbVpVSjB4N3FqNmdNUkx4QmRhSklQCjFJcGFJTVEwZ3NhTjArVkw0c3RKWjJ4aDkydW1TK2kvQW9Md01zUU5Oc1Q1L2ZUSm9WMG5nSmNHLzBKZy8zV3cKK2NhczBncTROQ25PTGhzZjRJeFczcm9oU3lBTm00N3lVY0h5dlFJREFRQUJBb0lCQUNabTRjdE9PSzRoTmJFMwpOandlWnRsZVduYTVkVmliMlgyYXk5ZkFCdWFGV1RScStPUHgvV090Q2J6cGF5ekxoem9haHdqK1h5ZythRkRFCjJZRm5zRHJBcVNWSzRWbnZ6M1NFcW5DVnV1VzlPeFpXd2xHdUdIZGprRDBleUM2WGdhTVJGTWdFa0RtelRZYTcKK2ltalhxbEZVL3NEOVlUWmwrR0pFUC93U21WclAwT2NmTW1Jd3lzMWFzN004R21BNFBNeEpqc01PNlQ2ZG9uaQpQT3pQN1NONWRKd1NjQ05zZ3Zlb3VLakV5L3p0VFQrVWFJdlA4L2Vob2trVlBpWnlZNHc0TmtFNUNWeDFwL3QzCjNoUEEvSFZNa2NIYkVia3laWlJ4MFowd1lMYkhJWlVBbkdnQWc0WTd0Vnd3Mk5Tc2NBaTdqVTRhemNRMzBkTUcKR2E0WjlJRUNnWUVBMWRYbG45U0Q2N0FlNHhEbDJ2UGJOeE5WREcySzhMZ3F0T1RCUFZoNVh0M2t1ZlhTVHYxYwpSWFRyUUVMOXBGYzYzWno5cklDM21YYy9WMnJ1Q1YzT0hvRVIxM0dkcTluNnEvV1FDSFgrVGFqejlJdzA4RTBYCmhka2JicHVLckpmV3VvU1dMZnU1aWEySnpjQnR1aXhCVXdmZjBUbzRCNWRTcU9EWi9JNmFvdzhDZ1lFQXRXc3AKejBoY1RoQVcyUlhmdWwrelVoN3ZjaU82dkdFZ2k1bi9zQlVmU1JmNHpUVzIrdlFKRzRkb2lsbWVnZ2JMK0hISQpEZjJlZUllbEJPRzMyZHh1MHFUZlkwT0JtYXNGWVNuMHJucElOUzlvWjExcXZla0lNbW12SWJvYXNKMFFoQUw2ClgxaGRYRUdlRmZ2SEdWa1RjRWY0b3hiUmxBdUVEVUY5aFAwT0hYTUNnWUJ2VmxhZitKdlRmTGtvU3lVUzhzTmkKRXN2R2s4YXkvWUVtL0xCc3k0TXVWT1NCdXErTTl6Z3k1ZVNUYWczOG9ucUE1dnZoOUljai9jWGFNMC9MU3E5RwpqTGVJY0p6QzNOVTY4Ym5UM2ZQUjViVlgwQ1RFTmErWXZta2RGeG1HTWV6WTRxMzdOVVR1blkvUnRHNnRiOXQzCmF2TXJVbC9YKy85SzlRQXJFdWtMR3dLQmdRQ1FONHBiRDBqaGZZVE1PY2xLblQwdDhRMmtES2NyallLVHQyNDkKQ2UxKzY2R0xjRUh2cVFOOGNONDM3UnBHZnlTeWNiRDQvajUxems3dVhJa01sV0U3N25qdXJnRmVxVWR6Z0NqVQpjcnpvR3JIQ1NjN0svVzdZdEk3V0h0Mk12SzhlWWtlcWQ5SnZ2bkh2UStGNFV3bFMzc1BXMGhMMHYxclFOdG1UCldKOVo1UUtCZ0dkRnJNbFBKbjlDSHUrcjN6S3VvdXJsTzQ1Rzl1UWxNV29IN0p2dStMNGlzVzRIcWlZYzlkb2sKRFVoL2NuTjJDMit6bm1iSmo0M2dCZUJoSFM5b1hEeHJIZ2xocDFicys0RHpZeWx3OGp6ZkFSbGtiMksvQVFVUwo2WGtqUzBtbDBLQTFhMWRBdzVrRFFUZWtEdVhYVGxqU2dpbjUvb3BRcVlGMHFGcnhaZHpHCi0tLS0tRU5EIFJTQSBQUklWQVRFIEtFWS0tLS0tCg==",
                            "master_auth.0.cluster_ca_certificate": "LS0tLS1CRUdJTiBDRVJUSUZJQ0FURS0tLS0tCk1JSURDekNDQWZPZ0F3SUJBZ0lRYnN2bi9CWlRMSmVOM0xLejU0cjQ1REFOQmdrcWhraUc5dzBCQVFzRkFEQXYKTVMwd0t3WURWUVFERXlRM016azVOamc1TmkxbU5XUm1MVFEzTkRZdE9HTTVaaTA0WkRJeU1tVXdPR1EwTldVdwpIaGNOTVRrd016RTBNRFF5TXpBNFdoY05NalF3TXpFeU1EVXlNekE0V2pBdk1TMHdLd1lEVlFRREV5UTNNems1Ck5qZzVOaTFtTldSbUxUUTNORFl0T0dNNVppMDRaREl5TW1Vd09HUTBOV1V3Z2dFaU1BMEdDU3FHU0liM0RRRUIKQVFVQUE0SUJEd0F3Z2dFS0FvSUJBUURFZE15bmRNNExYck1FZ3cxWVl5RFdaNHZ1N0ZHaTBaRHVyMHBzL3hhUwo1WU8zWUlKeFpRemdTQkR6WmFJL3FGVFRwVDF5WnVLTVZNRTRLdnBqcVo0cjVESlNWSkU4M1FPOEwyRjN1RktQCnZzMUNmc2cxc2tGUlRJd3ZCS1hCYkRUTGZFZXVDb2NIMjNzbXZaZzk3YzFBRUs4dU9CVVcvMUh3R3pYSzBya1YKTXFjaE9seDhyZURaQytOamJWRUlWNDdpSEt5cExheWJ6MUtjN3hIc0t0dFR3ZWdsWlFMNWtlNnBWNzRnbmRlbgpmMG8xWEpiZ3VzeUZ0R3B1Mndaa3F6R2tLV1ZLUWVzUHhCR1p6emhaZ0R4ZHhES3BEMlVyb1BHSko1RE1rdjNMCk1wRFF6NnVpa3NGT1lTZEM0Q01YSXkrdXV1ZGYvdVlpRlJsc0R3MGxkckJYQWdNQkFBR2pJekFoTUE0R0ExVWQKRHdFQi93UUVBd0lDQkRBUEJnTlZIUk1CQWY4RUJUQURBUUgvTUEwR0NTcUdTSWIzRFFFQkN3VUFBNElCQVFDTAp2Tjk1VE0wb0lQNnJSazRVbVVmZnVTM0puY3RmL0JxU2FTTmEvSnBtcURKaGpoZXplcGdCSGV2MDRIbVpzelUvCm1WRzNWUlg3YW9VOUhuVlBkUE55VXl6YjlJMWp1ZkRrMlNaNEIzU0swRE1CWjhGNXZhaG1MSXdVQnROSlRNeTgKUVhBYlJ0RHFTT3pFNERGbks5dEQyVFpnTTJjWXA0eGpHOSszdU5xeGIvdDRvZGcwZm1kaU14QWJ2dk9tekFxSwpyTlgrVUZMRjRHNXJ3dmxHMDU5WElZZU91eW5odWFzTUJ1VGdnbHVnd21LcGFIcHpBdkw0OXBwRXZRblRsdEZFCm9CVFBvUm95ZUd0cTBIZk1iN2JrVCtRMTl3Umsyc1ZUUEhHWHlSNjQ4ZFM4MERqTVA5LzMxSUJSR3FqdGFNZTIKc0Q3T3FGK3lET1d1eWhzRmpPWngKLS0tLS1FTkQgQ0VSVElGSUNBVEUtLS0tLQo=",
                            "master_auth.0.password": "Xqs3vr073NTIc3gC",
                            "master_auth.0.username": "admin",
                            "master_version": "1.11.7-gke.4",
                            "monitoring_service": "monitoring.googleapis.com",
                            "name": "my-cluster",
                            "network": "default",
                            "network_policy.#": "0",
                            "node_config.#": "1",
                            "node_config.0.disk_size_gb": "10",
                            "node_config.0.image_type": "COS",
                            "node_config.0.labels.%": "0",
                            "node_config.0.local_ssd_count": "0",
                            "node_config.0.machine_type": "n1-standard-1",
                            "node_config.0.metadata.%": "0",
                            "node_config.0.min_cpu_platform": "",
                            "node_config.0.oauth_scopes.#": "4",
                            "node_config.0.oauth_scopes.1277378754": "https://www.googleapis.com/auth/monitoring",
                            "node_config.0.oauth_scopes.1632638332": "https://www.googleapis.com/auth/devstorage.read_only",
                            "node_config.0.oauth_scopes.172152165": "https://www.googleapis.com/auth/logging.write",
                            "node_config.0.oauth_scopes.299962681": "https://www.googleapis.com/auth/compute",
                            "node_config.0.preemptible": "false",
                            "node_config.0.service_account": "default",
                            "node_config.0.tags.#": "2",
                            "node_config.0.tags.0": "my-cluster-cluster",
                            "node_config.0.tags.1": "nodes",
                            "node_pool.#": "1",
                            "node_pool.0.autoscaling.#": "0",
                            "node_pool.0.initial_node_count": "1",
                            "node_pool.0.management.#": "1",
                            "node_pool.0.management.0.auto_repair": "false",
                            "node_pool.0.management.0.auto_upgrade": "false",
                            "node_pool.0.name": "default-pool",
                            "node_pool.0.name_prefix": "",
                            "node_pool.0.node_config.#": "1",
                            "node_pool.0.node_config.0.disk_size_gb": "10",
                            "node_pool.0.node_config.0.image_type": "COS",
                            "node_pool.0.node_config.0.labels.%": "0",
                            "node_pool.0.node_config.0.local_ssd_count": "0",
                            "node_pool.0.node_config.0.machine_type": "n1-standard-1",
                            "node_pool.0.node_config.0.metadata.%": "0",
                            "node_pool.0.node_config.0.min_cpu_platform": "",
                            "node_pool.0.node_config.0.oauth_scopes.#": "4",
                            "node_pool.0.node_config.0.oauth_scopes.1277378754": "https://www.googleapis.com/auth/monitoring",
                            "node_pool.0.node_config.0.oauth_scopes.1632638332": "https://www.googleapis.com/auth/devstorage.read_only",
                            "node_pool.0.node_config.0.oauth_scopes.172152165": "https://www.googleapis.com/auth/logging.write",
                            "node_pool.0.node_config.0.oauth_scopes.299962681": "https://www.googleapis.com/auth/compute",
                            "node_pool.0.node_config.0.preemptible": "false",
                            "node_pool.0.node_config.0.service_account": "default",
                            "node_pool.0.node_config.0.tags.#": "2",
                            "node_pool.0.node_config.0.tags.0": "my-cluster-cluster",
                            "node_pool.0.node_config.0.tags.1": "nodes",
                            "node_pool.0.node_count": "1",
                            "node_version": "1.11.7-gke.4",
                            "project": "trans-crawler-234218",
                            "subnetwork": "default",
                            "zone": "europe-west1-c"
                        },
                        "meta": {
                            "e2bfb730-ecaa-11e6-8f88-34363bc7c4c0": {
                                "create": 1800000000000,
                                "delete": 600000000000,
                                "update": 600000000000
                            },
                            "schema_version": "1"
                        },
                        "tainted": false
                    },
                    "deposed": [],
                    "provider": "provider.google"
                }
            },
            "depends_on": []
        },
        {
            "path": [
                "root",
                "my_network"
            ],
            "outputs": {
                "name": {
                    "sensitive": false,
                    "type": "string",
                    "value": "tunity-test"
                }
            },
            "resources": {
                "google_compute_network.ntw": {
                    "type": "google_compute_network",
                    "depends_on": [],
                    "primary": {
                        "id": "tunity-test",
                        "attributes": {
                            "auto_create_subnetworks": "true",
                            "description": "K8s cluster network",
                            "gateway_ipv4": "",
                            "id": "tunity-test",
                            "ipv4_range": "",
                            "name": "tunity-test",
                            "project": "trans-crawler-234218",
                            "self_link": "https://www.googleapis.com/compute/v1/projects/trans-crawler-234218/global/networks/tunity-test"
                        },
                        "meta": {},
                        "tainted": false
                    },
                    "deposed": [],
                    "provider": "provider.google"
                }
            },
            "depends_on": []
        }
    ]
}
