{
    "version": 3,
    "terraform_version": "0.11.13",
    "serial": 5,
    "lineage": "891267cd-5c4d-2bc0-5972-2ba8bb00cf2f",
    "modules": [
        {
            "path": [
                "root"
            ],
            "outputs": {
                "kubconfig": {
                    "sensitive": false,
                    "type": "string",
                    "value": " ... \nRun command to configure access via kubectl:\n$ gcloud container clusters get-credentials my-cluster --zone europe-west1-c --project trans-crawler-234218"
                },
                "tunity_static_ip": {
                    "sensitive": false,
                    "type": "string",
                    "value": "35.201.119.234"
                }
            },
            "resources": {
                "google_compute_global_address.tunity_static_ip": {
                    "type": "google_compute_global_address",
                    "depends_on": [],
                    "primary": {
                        "id": "tunity-static-ip",
                        "attributes": {
                            "address": "35.201.119.234",
                            "id": "tunity-static-ip",
                            "ip_version": "",
                            "name": "tunity-static-ip",
                            "project": "trans-crawler-234218",
                            "self_link": "https://www.googleapis.com/compute/v1/projects/trans-crawler-234218/global/addresses/tunity-static-ip"
                        },
                        "meta": {},
                        "tainted": false
                    },
                    "deposed": [],
                    "provider": "provider.google"
                }
            },
            "depends_on": []
        },
        {
            "path": [
                "root",
                "fw_http"
            ],
            "outputs": {},
            "resources": {
                "google_compute_firewall.default": {
                    "type": "google_compute_firewall",
                    "depends_on": [],
                    "primary": {
                        "id": "allow-http",
                        "attributes": {
                            "allow.#": "1",
                            "allow.272637744.ports.#": "1",
                            "allow.272637744.ports.0": "80",
                            "allow.272637744.protocol": "tcp",
                            "deny.#": "0",
                            "description": "Allow HTTP for everyone",
                            "destination_ranges.#": "0",
                            "id": "allow-http",
                            "name": "allow-http",
                            "network": "https://www.googleapis.com/compute/v1/projects/trans-crawler-234218/global/networks/tunity-test",
                            "priority": "1000",
                            "project": "trans-crawler-234218",
                            "self_link": "https://www.googleapis.com/compute/v1/projects/trans-crawler-234218/global/firewalls/allow-http",
                            "source_ranges.#": "1",
                            "source_ranges.1080289494": "0.0.0.0/0",
                            "source_service_accounts.#": "0",
                            "source_tags.#": "0",
                            "target_service_accounts.#": "0",
                            "target_tags.#": "0"
                        },
                        "meta": {
                            "schema_version": "1"
                        },
                        "tainted": false
                    },
                    "deposed": [],
                    "provider": "provider.google"
                }
            },
            "depends_on": []
        },
        {
            "path": [
                "root",
                "fw_ssh"
            ],
            "outputs": {},
            "resources": {
                "google_compute_firewall.default": {
                    "type": "google_compute_firewall",
                    "depends_on": [],
                    "primary": {
                        "id": "allow-ssh",
                        "attributes": {
                            "allow.#": "1",
                            "allow.803338340.ports.#": "1",
                            "allow.803338340.ports.0": "22",
                            "allow.803338340.protocol": "tcp",
                            "deny.#": "0",
                            "description": "Allow SSH for everyone",
                            "destination_ranges.#": "0",
                            "id": "allow-ssh",
                            "name": "allow-ssh",
                            "network": "https://www.googleapis.com/compute/v1/projects/trans-crawler-234218/global/networks/tunity-test",
                            "priority": "1000",
                            "project": "trans-crawler-234218",
                            "self_link": "https://www.googleapis.com/compute/v1/projects/trans-crawler-234218/global/firewalls/allow-ssh",
                            "source_ranges.#": "1",
                            "source_ranges.1080289494": "0.0.0.0/0",
                            "source_service_accounts.#": "0",
                            "source_tags.#": "0",
                            "target_service_accounts.#": "0",
                            "target_tags.#": "0"
                        },
                        "meta": {
                            "schema_version": "1"
                        },
                        "tainted": false
                    },
                    "deposed": [],
                    "provider": "provider.google"
                }
            },
            "depends_on": []
        },
        {
            "path": [
                "root",
                "my_cluster"
            ],
            "outputs": {
                "name": {
                    "sensitive": false,
                    "type": "string",
                    "value": "my-cluster"
                }
            },
            "resources": {
                "google_container_cluster.primary": {
                    "type": "google_container_cluster",
                    "depends_on": [],
                    "primary": {
                        "id": "my-cluster",
                        "attributes": {
                            "additional_zones.#": "0",
                            "addons_config.#": "1",
                            "addons_config.0.horizontal_pod_autoscaling.#": "0",
                            "addons_config.0.http_load_balancing.#": "1",
                            "addons_config.0.http_load_balancing.0.disabled": "false",
                            "addons_config.0.kubernetes_dashboard.#": "1",
                            "addons_config.0.kubernetes_dashboard.0.disabled": "false",
                            "cluster_ipv4_cidr": "10.4.0.0/14",
                            "description": "Test cluster for Tunity asignment",
                            "enable_kubernetes_alpha": "false",
                            "enable_legacy_abac": "true",
                            "endpoint": "35.205.183.100",
                            "id": "my-cluster",
                            "initial_node_count": "1",
                            "instance_group_urls.#": "1",
                            "instance_group_urls.0": "https://www.googleapis.com/compute/v1/projects/trans-crawler-234218/zones/europe-west1-c/instanceGroups/gke-my-cluster-default-pool-7aff1e67-grp",
                            "logging_service": "logging.googleapis.com",
                            "master_auth.#": "1",
                            "master_auth.0.client_certificate": "LS0tLS1CRUdJTiBDRVJUSUZJQ0FURS0tLS0tCk1JSUMyekNDQWNPZ0F3SUJBZ0lSQU1XMzkyZitTbXFsK2poU1l5MUNZM013RFFZSktvWklodmNOQVFFTEJRQXcKTHpFdE1Dc0dBMVVFQXhNa1pHUmhOemRpWXpjdE9XTXhNQzAwWXpZNUxUZzNNamt0WlRoaE16RTFaR0psTWpkaApNQjRYRFRFNU1ETXhOekEyTXpnd00xb1hEVEkwTURNeE5UQTJNemd3TTFvd0VURVBNQTBHQTFVRUF4TUdZMnhwClpXNTBNSUlCSWpBTkJna3Foa2lHOXcwQkFRRUZBQU9DQVE4QU1JSUJDZ0tDQVFFQTBPTU5JRU9USFRIZDFRNGMKT2FEV3h2cjZ3NVNOdkhWRUc0d2dZRjBkbGtON0xuVjdobnVjYjdJclFKNnAzRVkxdGZ6aHZtRXRTNGRpd2JEbQpWbmRPeGpFNmxNUEp5Yys1VjRjOFFPYXVwYUF4L0psTEdkSVYzcDVHcFFCVmtxMTBtNmVDQ1lNaUVGc1RQQXAzCm92dnNCMEpOQnZ0MnVGVStpM2U5OXY5Y2ljSlVuMGU5NnhVajgyZ2dObWtyVm1aZ21HK2x3QnFsYmJnZGVZWG0KOXhJY2ZnaHdHNFV5RitsYkFVTHErbUdWM08xMHFDYmhCODIrVGlUL3E0NWM3RXZMOHFUcWpVVUxiQkltOGE4UgpVUnJNaWpCRDRyQmxnRTg5S1RWUGdiaXlhbWRRZmNjbGpvcUF1L1RXOUs1RzZZenpmeDB6K1Y3amxjOCtoNE1JCjlCOGVvUUlEQVFBQm94QXdEakFNQmdOVkhSTUJBZjhFQWpBQU1BMEdDU3FHU0liM0RRRUJDd1VBQTRJQkFRQWkKWk1MZ1RPN3pWOGZVcllnZlhnZnNWcHZSTjZGaWZjb1FwbzZrdmc5OHpRNCtRZ3BqOXJzWmtYYzJOMWt2c09ZdwpyL2VKOUVnZ0hqUzl6eHNLSGtwdStITGRTSC9kMDBBM0ltSi9PL0xNKzJ6TEx0TEdZVnJHTGk2RVBUUytqbWhuCklhaEVYeit6ZlovK1A0b2dvUEtXS1lDbkhGeFZQRU5RS25nTmUzL3AxTnhGRmZTa2NhSkVpM2xvaGwrTlRncEwKNWMzMVZhMlc3WFZxSjAzWXJZRDBKOGVHMDcxdXB0VmZ1U0J5anVzS2l2Q3lBQUs3eGVrYzhvaG9MbzRsZy9nLwo2VVFsd0NqOHEycTgrVGpEUUZrVlU2NDIxWWJXL21zUCtCMVl5L3FnTjA1RGl2TGZZVlZCaGVFVUl5amZlalpsCnUrTU96QjhSczIvVWJydFk3UklXCi0tLS0tRU5EIENFUlRJRklDQVRFLS0tLS0K",
                            "master_auth.0.client_key": "LS0tLS1CRUdJTiBSU0EgUFJJVkFURSBLRVktLS0tLQpNSUlFb2dJQkFBS0NBUUVBME9NTklFT1RIVEhkMVE0Y09hRFd4dnI2dzVTTnZIVkVHNHdnWUYwZGxrTjdMblY3CmhudWNiN0lyUUo2cDNFWTF0Znpodm1FdFM0ZGl3YkRtVm5kT3hqRTZsTVBKeWMrNVY0YzhRT2F1cGFBeC9KbEwKR2RJVjNwNUdwUUJWa3ExMG02ZUNDWU1pRUZzVFBBcDNvdnZzQjBKTkJ2dDJ1RlUraTNlOTl2OWNpY0pVbjBlOQo2eFVqODJnZ05ta3JWbVpnbUcrbHdCcWxiYmdkZVlYbTl4SWNmZ2h3RzRVeUYrbGJBVUxxK21HVjNPMTBxQ2JoCkI4MitUaVQvcTQ1YzdFdkw4cVRxalVVTGJCSW04YThSVVJyTWlqQkQ0ckJsZ0U4OUtUVlBnYml5YW1kUWZjY2wKam9xQXUvVFc5SzVHNll6emZ4MHorVjdqbGM4K2g0TUk5Qjhlb1FJREFRQUJBb0lCQUdRL1V5RlV6Tm1LQVFncQp5V2p1dzZTaTlvMitVWGRNWCs5SWhKRTZudVJxWmtlWm9qcWNRQ3RxdWs4ODFoQWNzZEl4RnJXak5YVzE5N00xCkRwWVlrL21SenFkdWZ2MFhiNytONjJES1ZLNnYvczFYVkMrRUgzTERTdXdOQ1FSbnNqcXhYVHJyY0FHaGM4MncKeUZHenpVWitqekQycGJjNVVkYmxGSW5oYTZ2QWRONmsyMzhGUWd0NExCOVpIN2FZVmQ1UTFuUUp4a0VUenk4cwpDb29yeENQZEI3UUx3eFN4Y0VOdXZxRGtQTW1ENnFrYUpRWDFKbDRLd1lkUWtCTHFsUzBEVVZiYkY0aURYcG9kCi9Ea2pyQzhPNERKc1lzR0pDNVBHVzJtWmpocnJIc2FZcXFHVGhzUlpkOVVlOUU1eGU2cm5LNGx2dDgvU21SUjEKa2ozNnduRUNnWUVBK3d3Y3BpV2o5QVFKTFhpaS9DZDIxb3lCSXBKNVR6R2w1ZkFuMnJ4dE9iTkFvVE9LKy9mMgpLRHJxUERYRmJ2L3BvMEIraUovcUJBb2c2bHRvUlpXdGYwVU4ySTBGL2pKQWgrNytlMGd4UmFnT2NRbUNEMjkvCmc0Zy9YUXQ1KzVmWDhqd2liMlBPYTJSSEZOc1NJQStCZlhLMms1MDY4WmV0dkNVUlZ2MU56bzhDZ1lFQTFRSUQKUWU4c3ZodWhrSFEzYlZhR2VPWldsN2NGYnNLRVhKQVVuZGRLMEJ0cWdIZGRmSXNIRFBmb05rN2J5Y1JjOVlrVwpjQXF4TWhXRHZyRnlQNDBaR3hpaXBFT3JZanlnc2NCbDJQS2NjOUNmc25uQUJZa0QrSTVLSFhBdWNCSXpOMjhRCjAwRlA1RS9VbVE1ejNkQlQrMjcrbmlRZGJISUVJcE5LbXFnVjE4OENnWUJldkN4WGVsN0xaM1o3SlVvRDgzU0IKOUJXTEVWRWIxSFZ4TnRZalVmVzV6MjMxSnZrc3FsN0d3YXpBdWQzZVRFNURYOFFnRkpCL283N1dFVlpnNCtITAo1Q2djYnVNekVJMlBmbDJqOGhNOTRQUktMYmRaMGM2QnVUbUlDQnVwR0p6UitXVlpPWVdjdXdPajJDT1gyNklXCnorSWNCRHBKRHQ3dDMrTVNPNVpQK3dLQmdHOFlScVNyM3RVa1NpYXlSbnBUUjMxay9VTFJwUmE0Z3hwWDF6amYKb2RoYWhEaU9pUWE4NkNkK1lQRjZQYTNGS1lxeVBpNmZsUDEvTlNCUElqdzlGaHdJeEVNU1BCL1hhU1JzS1hKMgpUdDBrc1RYL3hBUGZDMkFtcmtjZVRFb05aQU1FZlcwQlFtN2NxQkJQOW1SNUZHUXQ1c1NLSjRKNUVPa0xrenlJCmNDUUhBb0dBTFBNdGZYYlBtSWVtYTBodlhYbDIrTDE0bWs1RDdoajgxQUh0b1lKdzFzVEhvb3VRSldWa1lFUGYKR3o2Tzl1RWhYZjZlOG9oQUoxS3kyUnB3MjYrK0lhMXh3ZG0vdjB6dkFRdDVrckVaS3hIaFUwcnpQdmFOSHpqZQprVlVBK2RORndmQXg4YjE2aGRqaGxLMDd4VHkycTBPaFVZYWNOdzdrOVh6SFZ4VHhqc3M9Ci0tLS0tRU5EIFJTQSBQUklWQVRFIEtFWS0tLS0tCg==",
                            "master_auth.0.cluster_ca_certificate": "LS0tLS1CRUdJTiBDRVJUSUZJQ0FURS0tLS0tCk1JSURDekNDQWZPZ0F3SUJBZ0lRTjkzTjI3YWRhbTNRR0t5dXpQbUZLREFOQmdrcWhraUc5dzBCQVFzRkFEQXYKTVMwd0t3WURWUVFERXlSa1pHRTNOMkpqTnkwNVl6RXdMVFJqTmprdE9EY3lPUzFsT0dFek1UVmtZbVV5TjJFdwpIaGNOTVRrd016RTNNRFV6T0RBeVdoY05NalF3TXpFMU1EWXpPREF5V2pBdk1TMHdLd1lEVlFRREV5UmtaR0UzCk4ySmpOeTA1WXpFd0xUUmpOamt0T0RjeU9TMWxPR0V6TVRWa1ltVXlOMkV3Z2dFaU1BMEdDU3FHU0liM0RRRUIKQVFVQUE0SUJEd0F3Z2dFS0FvSUJBUUNoMDJyUU5SS3BwTlovRTlqS0JzaDV0SVFKZU8zRGduYXdoaHlteHliZQpBRzE5R2t4UGdjR21PZXVlQjB0LzVtY1djUWlCME85TkM0STQxQjRFMWRwc1NIbXIrMXRGZVRDNUJOUDhDaUcrCkNqY2RiQW1nTnJ3RzVoSFhEUWhOWEorbFJVY3dGVjl3RndPZ1ZBU0Jwc0VLQjNHSnhuZVFxYWpiSG9zeUk2QzcKS2RIeU9DUWx6VVFkeHk5MTNRSGZnKzNpcllXOGRyZ1Z2R2hFb0hCenIxVU9oOWhDQzU5UFcwNHlicDFaRk45MAp1TE9KcmE0L1FCUG1jU01uZmY1eHhyc3JLY0VXbjNXUVlydEQyeTN0VC9ocStXUnhTVFByS2FtRnVXdXNxR2tXCjc0Y1Rwc2VMeGdnVVJ3WkRvQmtIbUV4Yk84UHliSWxseisxaFZlNkhaaHE5QWdNQkFBR2pJekFoTUE0R0ExVWQKRHdFQi93UUVBd0lDQkRBUEJnTlZIUk1CQWY4RUJUQURBUUgvTUEwR0NTcUdTSWIzRFFFQkN3VUFBNElCQVFBOQpRdEdDRVFOSkFDMC90VDNMSTI2cW95MGg5S3dZSUtGQURGcU5VZTl3b0J2NHZzSUdaK3dmMlpsUWg1L0lPWGkyCmFraFUrMW9lbFFIOVhpZW11c3lsSG9mcWtrT21WRjVTWFVBcm81M0M5dU1QRlI5ZStINWVLcGYzN1R6UUhIbmYKQU9DZ2hFV1VjRmxmSDNHU1JOeVFldzQvbTBwREJuRENibG5ueXZYTmxVOEV4VVdNM2NieGVnQ0NCeVJUeWxsVAp4Vm9JTitaQTNaQ2VmWmdzZjdwUEtnc1RpVEpXb242VjdVcG1pWkc1d3NETU5YVG5MOHpkaUplSG5VQjkva3BYCmVoSXpyQ0c3UTZLQkRQZ1Nxc1dxTVIvamlYMzdNdzlLL3dJcDlBOWlIWWtzWTA1L2xrZE1ZM3pwSzVQUEJoZksKdEZtMlFVV0R1dU1yamd1WVV3em4KLS0tLS1FTkQgQ0VSVElGSUNBVEUtLS0tLQo=",
                            "master_auth.0.password": "5EniiNIWdCRFo3Zt",
                            "master_auth.0.username": "admin",
                            "master_version": "1.11.7-gke.4",
                            "monitoring_service": "monitoring.googleapis.com",
                            "name": "my-cluster",
                            "network": "default",
                            "network_policy.#": "0",
                            "node_config.#": "1",
                            "node_config.0.disk_size_gb": "10",
                            "node_config.0.image_type": "COS",
                            "node_config.0.labels.%": "0",
                            "node_config.0.local_ssd_count": "0",
                            "node_config.0.machine_type": "n1-standard-1",
                            "node_config.0.metadata.%": "0",
                            "node_config.0.min_cpu_platform": "",
                            "node_config.0.oauth_scopes.#": "4",
                            "node_config.0.oauth_scopes.1277378754": "https://www.googleapis.com/auth/monitoring",
                            "node_config.0.oauth_scopes.1632638332": "https://www.googleapis.com/auth/devstorage.read_only",
                            "node_config.0.oauth_scopes.172152165": "https://www.googleapis.com/auth/logging.write",
                            "node_config.0.oauth_scopes.299962681": "https://www.googleapis.com/auth/compute",
                            "node_config.0.preemptible": "false",
                            "node_config.0.service_account": "default",
                            "node_config.0.tags.#": "2",
                            "node_config.0.tags.0": "my-cluster-cluster",
                            "node_config.0.tags.1": "nodes",
                            "node_pool.#": "1",
                            "node_pool.0.autoscaling.#": "0",
                            "node_pool.0.initial_node_count": "1",
                            "node_pool.0.management.#": "1",
                            "node_pool.0.management.0.auto_repair": "false",
                            "node_pool.0.management.0.auto_upgrade": "false",
                            "node_pool.0.name": "default-pool",
                            "node_pool.0.name_prefix": "",
                            "node_pool.0.node_config.#": "1",
                            "node_pool.0.node_config.0.disk_size_gb": "10",
                            "node_pool.0.node_config.0.image_type": "COS",
                            "node_pool.0.node_config.0.labels.%": "0",
                            "node_pool.0.node_config.0.local_ssd_count": "0",
                            "node_pool.0.node_config.0.machine_type": "n1-standard-1",
                            "node_pool.0.node_config.0.metadata.%": "0",
                            "node_pool.0.node_config.0.min_cpu_platform": "",
                            "node_pool.0.node_config.0.oauth_scopes.#": "4",
                            "node_pool.0.node_config.0.oauth_scopes.1277378754": "https://www.googleapis.com/auth/monitoring",
                            "node_pool.0.node_config.0.oauth_scopes.1632638332": "https://www.googleapis.com/auth/devstorage.read_only",
                            "node_pool.0.node_config.0.oauth_scopes.172152165": "https://www.googleapis.com/auth/logging.write",
                            "node_pool.0.node_config.0.oauth_scopes.299962681": "https://www.googleapis.com/auth/compute",
                            "node_pool.0.node_config.0.preemptible": "false",
                            "node_pool.0.node_config.0.service_account": "default",
                            "node_pool.0.node_config.0.tags.#": "2",
                            "node_pool.0.node_config.0.tags.0": "my-cluster-cluster",
                            "node_pool.0.node_config.0.tags.1": "nodes",
                            "node_pool.0.node_count": "1",
                            "node_version": "1.11.7-gke.4",
                            "project": "trans-crawler-234218",
                            "subnetwork": "default",
                            "zone": "europe-west1-c"
                        },
                        "meta": {
                            "e2bfb730-ecaa-11e6-8f88-34363bc7c4c0": {
                                "create": 1800000000000,
                                "delete": 600000000000,
                                "update": 600000000000
                            },
                            "schema_version": "1"
                        },
                        "tainted": false
                    },
                    "deposed": [],
                    "provider": "provider.google"
                }
            },
            "depends_on": []
        },
        {
            "path": [
                "root",
                "my_network"
            ],
            "outputs": {
                "name": {
                    "sensitive": false,
                    "type": "string",
                    "value": "tunity-test"
                }
            },
            "resources": {
                "google_compute_network.ntw": {
                    "type": "google_compute_network",
                    "depends_on": [],
                    "primary": {
                        "id": "tunity-test",
                        "attributes": {
                            "auto_create_subnetworks": "true",
                            "description": "K8s cluster network",
                            "gateway_ipv4": "",
                            "id": "tunity-test",
                            "ipv4_range": "",
                            "name": "tunity-test",
                            "project": "trans-crawler-234218",
                            "self_link": "https://www.googleapis.com/compute/v1/projects/trans-crawler-234218/global/networks/tunity-test"
                        },
                        "meta": {},
                        "tainted": false
                    },
                    "deposed": [],
                    "provider": "provider.google"
                }
            },
            "depends_on": []
        }
    ]
}
